{
  "name": "escrow-multisig",
  "version": "1.0.0",
  "lockfileVersion": 3,
  "requires": true,
  "packages": {
    "": {
      "name": "escrow-multisig",
      "version": "1.0.0",
      "license": "ISC",
      "dependencies": {
        "@narval-xyz/armory-sdk": "0.8.3",
        "dotenv": "^16.4.5",
        "minimist": "^1.2.8",
        "tsx": "^4.16.2",
        "viem": "^2.17.4"
      },
      "devDependencies": {
        "@types/minimist": "^1.2.5"
      }
    },
    "node_modules/@adraffy/ens-normalize": {
      "version": "1.10.0",
      "resolved": "https://registry.npmjs.org/@adraffy/ens-normalize/-/ens-normalize-1.10.0.tgz",
      "integrity": "sha512-nA9XHtlAkYfJxY7bce8DcN7eKxWWCWkU+1GR9d+U6MbNpfwQp8TI7vqOsBsMcHoT4mBu2kypKoSKnghEzOOq5Q=="
    },
    "node_modules/@esbuild/aix-ppc64": {
      "version": "0.23.1",
      "resolved": "https://registry.npmjs.org/@esbuild/aix-ppc64/-/aix-ppc64-0.23.1.tgz",
      "integrity": "sha512-6VhYk1diRqrhBAqpJEdjASR/+WVRtfjpqKuNw11cLiaWpAT/Uu+nokB+UJnevzy/P9C/ty6AOe0dwueMrGh/iQ==",
      "cpu": [
        "ppc64"
      ],
      "optional": true,
      "os": [
        "aix"
      ],
      "engines": {
        "node": ">=18"
      }
    },
    "node_modules/@esbuild/android-arm": {
      "version": "0.23.1",
      "resolved": "https://registry.npmjs.org/@esbuild/android-arm/-/android-arm-0.23.1.tgz",
      "integrity": "sha512-uz6/tEy2IFm9RYOyvKl88zdzZfwEfKZmnX9Cj1BHjeSGNuGLuMD1kR8y5bteYmwqKm1tj8m4cb/aKEorr6fHWQ==",
      "cpu": [
        "arm"
      ],
      "optional": true,
      "os": [
        "android"
      ],
      "engines": {
        "node": ">=18"
      }
    },
    "node_modules/@esbuild/android-arm64": {
      "version": "0.23.1",
      "resolved": "https://registry.npmjs.org/@esbuild/android-arm64/-/android-arm64-0.23.1.tgz",
      "integrity": "sha512-xw50ipykXcLstLeWH7WRdQuysJqejuAGPd30vd1i5zSyKK3WE+ijzHmLKxdiCMtH1pHz78rOg0BKSYOSB/2Khw==",
      "cpu": [
        "arm64"
      ],
      "optional": true,
      "os": [
        "android"
      ],
      "engines": {
        "node": ">=18"
      }
    },
    "node_modules/@esbuild/android-x64": {
      "version": "0.23.1",
      "resolved": "https://registry.npmjs.org/@esbuild/android-x64/-/android-x64-0.23.1.tgz",
      "integrity": "sha512-nlN9B69St9BwUoB+jkyU090bru8L0NA3yFvAd7k8dNsVH8bi9a8cUAUSEcEEgTp2z3dbEDGJGfP6VUnkQnlReg==",
      "cpu": [
        "x64"
      ],
      "optional": true,
      "os": [
        "android"
      ],
      "engines": {
        "node": ">=18"
      }
    },
    "node_modules/@esbuild/darwin-arm64": {
      "version": "0.23.1",
      "resolved": "https://registry.npmjs.org/@esbuild/darwin-arm64/-/darwin-arm64-0.23.1.tgz",
      "integrity": "sha512-YsS2e3Wtgnw7Wq53XXBLcV6JhRsEq8hkfg91ESVadIrzr9wO6jJDMZnCQbHm1Guc5t/CdDiFSSfWP58FNuvT3Q==",
      "cpu": [
        "arm64"
      ],
      "optional": true,
      "os": [
        "darwin"
      ],
      "engines": {
        "node": ">=18"
      }
    },
    "node_modules/@esbuild/darwin-x64": {
      "version": "0.23.1",
      "resolved": "https://registry.npmjs.org/@esbuild/darwin-x64/-/darwin-x64-0.23.1.tgz",
      "integrity": "sha512-aClqdgTDVPSEGgoCS8QDG37Gu8yc9lTHNAQlsztQ6ENetKEO//b8y31MMu2ZaPbn4kVsIABzVLXYLhCGekGDqw==",
      "cpu": [
        "x64"
      ],
      "optional": true,
      "os": [
        "darwin"
      ],
      "engines": {
        "node": ">=18"
      }
    },
    "node_modules/@esbuild/freebsd-arm64": {
      "version": "0.23.1",
      "resolved": "https://registry.npmjs.org/@esbuild/freebsd-arm64/-/freebsd-arm64-0.23.1.tgz",
      "integrity": "sha512-h1k6yS8/pN/NHlMl5+v4XPfikhJulk4G+tKGFIOwURBSFzE8bixw1ebjluLOjfwtLqY0kewfjLSrO6tN2MgIhA==",
      "cpu": [
        "arm64"
      ],
      "optional": true,
      "os": [
        "freebsd"
      ],
      "engines": {
        "node": ">=18"
      }
    },
    "node_modules/@esbuild/freebsd-x64": {
      "version": "0.23.1",
      "resolved": "https://registry.npmjs.org/@esbuild/freebsd-x64/-/freebsd-x64-0.23.1.tgz",
      "integrity": "sha512-lK1eJeyk1ZX8UklqFd/3A60UuZ/6UVfGT2LuGo3Wp4/z7eRTRYY+0xOu2kpClP+vMTi9wKOfXi2vjUpO1Ro76g==",
      "cpu": [
        "x64"
      ],
      "optional": true,
      "os": [
        "freebsd"
      ],
      "engines": {
        "node": ">=18"
      }
    },
    "node_modules/@esbuild/linux-arm": {
      "version": "0.23.1",
      "resolved": "https://registry.npmjs.org/@esbuild/linux-arm/-/linux-arm-0.23.1.tgz",
      "integrity": "sha512-CXXkzgn+dXAPs3WBwE+Kvnrf4WECwBdfjfeYHpMeVxWE0EceB6vhWGShs6wi0IYEqMSIzdOF1XjQ/Mkm5d7ZdQ==",
      "cpu": [
        "arm"
      ],
      "optional": true,
      "os": [
        "linux"
      ],
      "engines": {
        "node": ">=18"
      }
    },
    "node_modules/@esbuild/linux-arm64": {
      "version": "0.23.1",
      "resolved": "https://registry.npmjs.org/@esbuild/linux-arm64/-/linux-arm64-0.23.1.tgz",
      "integrity": "sha512-/93bf2yxencYDnItMYV/v116zff6UyTjo4EtEQjUBeGiVpMmffDNUyD9UN2zV+V3LRV3/on4xdZ26NKzn6754g==",
      "cpu": [
        "arm64"
      ],
      "optional": true,
      "os": [
        "linux"
      ],
      "engines": {
        "node": ">=18"
      }
    },
    "node_modules/@esbuild/linux-ia32": {
      "version": "0.23.1",
      "resolved": "https://registry.npmjs.org/@esbuild/linux-ia32/-/linux-ia32-0.23.1.tgz",
      "integrity": "sha512-VTN4EuOHwXEkXzX5nTvVY4s7E/Krz7COC8xkftbbKRYAl96vPiUssGkeMELQMOnLOJ8k3BY1+ZY52tttZnHcXQ==",
      "cpu": [
        "ia32"
      ],
      "optional": true,
      "os": [
        "linux"
      ],
      "engines": {
        "node": ">=18"
      }
    },
    "node_modules/@esbuild/linux-loong64": {
      "version": "0.23.1",
      "resolved": "https://registry.npmjs.org/@esbuild/linux-loong64/-/linux-loong64-0.23.1.tgz",
      "integrity": "sha512-Vx09LzEoBa5zDnieH8LSMRToj7ir/Jeq0Gu6qJ/1GcBq9GkfoEAoXvLiW1U9J1qE/Y/Oyaq33w5p2ZWrNNHNEw==",
      "cpu": [
        "loong64"
      ],
      "optional": true,
      "os": [
        "linux"
      ],
      "engines": {
        "node": ">=18"
      }
    },
    "node_modules/@esbuild/linux-mips64el": {
      "version": "0.23.1",
      "resolved": "https://registry.npmjs.org/@esbuild/linux-mips64el/-/linux-mips64el-0.23.1.tgz",
      "integrity": "sha512-nrFzzMQ7W4WRLNUOU5dlWAqa6yVeI0P78WKGUo7lg2HShq/yx+UYkeNSE0SSfSure0SqgnsxPvmAUu/vu0E+3Q==",
      "cpu": [
        "mips64el"
      ],
      "optional": true,
      "os": [
        "linux"
      ],
      "engines": {
        "node": ">=18"
      }
    },
    "node_modules/@esbuild/linux-ppc64": {
      "version": "0.23.1",
      "resolved": "https://registry.npmjs.org/@esbuild/linux-ppc64/-/linux-ppc64-0.23.1.tgz",
      "integrity": "sha512-dKN8fgVqd0vUIjxuJI6P/9SSSe/mB9rvA98CSH2sJnlZ/OCZWO1DJvxj8jvKTfYUdGfcq2dDxoKaC6bHuTlgcw==",
      "cpu": [
        "ppc64"
      ],
      "optional": true,
      "os": [
        "linux"
      ],
      "engines": {
        "node": ">=18"
      }
    },
    "node_modules/@esbuild/linux-riscv64": {
      "version": "0.23.1",
      "resolved": "https://registry.npmjs.org/@esbuild/linux-riscv64/-/linux-riscv64-0.23.1.tgz",
      "integrity": "sha512-5AV4Pzp80fhHL83JM6LoA6pTQVWgB1HovMBsLQ9OZWLDqVY8MVobBXNSmAJi//Csh6tcY7e7Lny2Hg1tElMjIA==",
      "cpu": [
        "riscv64"
      ],
      "optional": true,
      "os": [
        "linux"
      ],
      "engines": {
        "node": ">=18"
      }
    },
    "node_modules/@esbuild/linux-s390x": {
      "version": "0.23.1",
      "resolved": "https://registry.npmjs.org/@esbuild/linux-s390x/-/linux-s390x-0.23.1.tgz",
      "integrity": "sha512-9ygs73tuFCe6f6m/Tb+9LtYxWR4c9yg7zjt2cYkjDbDpV/xVn+68cQxMXCjUpYwEkze2RcU/rMnfIXNRFmSoDw==",
      "cpu": [
        "s390x"
      ],
      "optional": true,
      "os": [
        "linux"
      ],
      "engines": {
        "node": ">=18"
      }
    },
    "node_modules/@esbuild/linux-x64": {
      "version": "0.23.1",
      "resolved": "https://registry.npmjs.org/@esbuild/linux-x64/-/linux-x64-0.23.1.tgz",
      "integrity": "sha512-EV6+ovTsEXCPAp58g2dD68LxoP/wK5pRvgy0J/HxPGB009omFPv3Yet0HiaqvrIrgPTBuC6wCH1LTOY91EO5hQ==",
      "cpu": [
        "x64"
      ],
      "optional": true,
      "os": [
        "linux"
      ],
      "engines": {
        "node": ">=18"
      }
    },
    "node_modules/@esbuild/netbsd-x64": {
      "version": "0.23.1",
      "resolved": "https://registry.npmjs.org/@esbuild/netbsd-x64/-/netbsd-x64-0.23.1.tgz",
      "integrity": "sha512-aevEkCNu7KlPRpYLjwmdcuNz6bDFiE7Z8XC4CPqExjTvrHugh28QzUXVOZtiYghciKUacNktqxdpymplil1beA==",
      "cpu": [
        "x64"
      ],
      "optional": true,
      "os": [
        "netbsd"
      ],
      "engines": {
        "node": ">=18"
      }
    },
    "node_modules/@esbuild/openbsd-arm64": {
      "version": "0.23.1",
      "resolved": "https://registry.npmjs.org/@esbuild/openbsd-arm64/-/openbsd-arm64-0.23.1.tgz",
      "integrity": "sha512-3x37szhLexNA4bXhLrCC/LImN/YtWis6WXr1VESlfVtVeoFJBRINPJ3f0a/6LV8zpikqoUg4hyXw0sFBt5Cr+Q==",
      "cpu": [
        "arm64"
      ],
      "optional": true,
      "os": [
        "openbsd"
      ],
      "engines": {
        "node": ">=18"
      }
    },
    "node_modules/@esbuild/openbsd-x64": {
      "version": "0.23.1",
      "resolved": "https://registry.npmjs.org/@esbuild/openbsd-x64/-/openbsd-x64-0.23.1.tgz",
      "integrity": "sha512-aY2gMmKmPhxfU+0EdnN+XNtGbjfQgwZj43k8G3fyrDM/UdZww6xrWxmDkuz2eCZchqVeABjV5BpildOrUbBTqA==",
      "cpu": [
        "x64"
      ],
      "optional": true,
      "os": [
        "openbsd"
      ],
      "engines": {
        "node": ">=18"
      }
    },
    "node_modules/@esbuild/sunos-x64": {
      "version": "0.23.1",
      "resolved": "https://registry.npmjs.org/@esbuild/sunos-x64/-/sunos-x64-0.23.1.tgz",
      "integrity": "sha512-RBRT2gqEl0IKQABT4XTj78tpk9v7ehp+mazn2HbUeZl1YMdaGAQqhapjGTCe7uw7y0frDi4gS0uHzhvpFuI1sA==",
      "cpu": [
        "x64"
      ],
      "optional": true,
      "os": [
        "sunos"
      ],
      "engines": {
        "node": ">=18"
      }
    },
    "node_modules/@esbuild/win32-arm64": {
      "version": "0.23.1",
      "resolved": "https://registry.npmjs.org/@esbuild/win32-arm64/-/win32-arm64-0.23.1.tgz",
      "integrity": "sha512-4O+gPR5rEBe2FpKOVyiJ7wNDPA8nGzDuJ6gN4okSA1gEOYZ67N8JPk58tkWtdtPeLz7lBnY6I5L3jdsr3S+A6A==",
      "cpu": [
        "arm64"
      ],
      "optional": true,
      "os": [
        "win32"
      ],
      "engines": {
        "node": ">=18"
      }
    },
    "node_modules/@esbuild/win32-ia32": {
      "version": "0.23.1",
      "resolved": "https://registry.npmjs.org/@esbuild/win32-ia32/-/win32-ia32-0.23.1.tgz",
      "integrity": "sha512-BcaL0Vn6QwCwre3Y717nVHZbAa4UBEigzFm6VdsVdT/MbZ38xoj1X9HPkZhbmaBGUD1W8vxAfffbDe8bA6AKnQ==",
      "cpu": [
        "ia32"
      ],
      "optional": true,
      "os": [
        "win32"
      ],
      "engines": {
        "node": ">=18"
      }
    },
    "node_modules/@esbuild/win32-x64": {
      "version": "0.23.1",
      "resolved": "https://registry.npmjs.org/@esbuild/win32-x64/-/win32-x64-0.23.1.tgz",
      "integrity": "sha512-BHpFFeslkWrXWyUPnbKm+xYYVYruCinGcftSBaa8zoF9hZO4BcSCFUvHVTtzpIY6YzUnYtuEhZ+C9iEXjxnasg==",
      "cpu": [
        "x64"
      ],
      "optional": true,
      "os": [
        "win32"
      ],
      "engines": {
        "node": ">=18"
      }
    },
    "node_modules/@narval-xyz/armory-sdk": {
      "version": "0.8.3",
      "resolved": "https://registry.npmjs.org/@narval-xyz/armory-sdk/-/armory-sdk-0.8.3.tgz",
      "integrity": "sha512-Dglbfl9D5z5sXh54SJ/Ds0pAekyZqtraPNLGA/UvGLL/ywDtPDdqpDI2HxVUoqhoTL45Tfm/x8MjBzK2lMTgwQ==",
      "dependencies": {
        "@noble/curves": "1.5.0",
        "axios": "1.7.2",
        "jose": "5.5.0",
        "lodash": "4.17.21",
        "tslib": "2.6.3",
        "uuid": "9.0.1",
        "viem": "2.16.2",
        "zod": "3.23.8"
      }
    },
    "node_modules/@narval-xyz/armory-sdk/node_modules/@noble/hashes": {
      "version": "1.3.2",
      "resolved": "https://registry.npmjs.org/@noble/hashes/-/hashes-1.3.2.tgz",
      "integrity": "sha512-MVC8EAQp7MvEcm30KWENFjgR+Mkmf+D189XJTkFIlwohU5hcBbn1ZkKq7KVTi2Hme3PMGF390DaL52beVrIihQ==",
      "engines": {
        "node": ">= 16"
      },
      "funding": {
        "url": "https://paulmillr.com/funding/"
      }
    },
    "node_modules/@narval-xyz/armory-sdk/node_modules/@scure/bip32": {
      "version": "1.3.2",
      "resolved": "https://registry.npmjs.org/@scure/bip32/-/bip32-1.3.2.tgz",
      "integrity": "sha512-N1ZhksgwD3OBlwTv3R6KFEcPojl/W4ElJOeCZdi+vuI5QmTFwLq3OFf2zd2ROpKvxFdgZ6hUpb0dx9bVNEwYCA==",
      "dependencies": {
        "@noble/curves": "~1.2.0",
        "@noble/hashes": "~1.3.2",
        "@scure/base": "~1.1.2"
      },
      "funding": {
        "url": "https://paulmillr.com/funding/"
      }
    },
    "node_modules/@narval-xyz/armory-sdk/node_modules/@scure/bip32/node_modules/@noble/curves": {
      "version": "1.2.0",
      "resolved": "https://registry.npmjs.org/@noble/curves/-/curves-1.2.0.tgz",
      "integrity": "sha512-oYclrNgRaM9SsBUBVbb8M6DTV7ZHRTKugureoYEncY5c65HOmRzvSiTE3y5CYaPYJA/GVkrhXEoF0M3Ya9PMnw==",
      "dependencies": {
        "@noble/hashes": "1.3.2"
      },
      "funding": {
        "url": "https://paulmillr.com/funding/"
      }
    },
    "node_modules/@narval-xyz/armory-sdk/node_modules/@scure/bip39": {
      "version": "1.2.1",
      "resolved": "https://registry.npmjs.org/@scure/bip39/-/bip39-1.2.1.tgz",
      "integrity": "sha512-Z3/Fsz1yr904dduJD0NpiyRHhRYHdcnyh73FZWiV+/qhWi83wNJ3NWolYqCEN+ZWsUz2TWwajJggcRE9r1zUYg==",
      "dependencies": {
        "@noble/hashes": "~1.3.0",
        "@scure/base": "~1.1.0"
      },
      "funding": {
        "url": "https://paulmillr.com/funding/"
      }
    },
    "node_modules/@narval-xyz/armory-sdk/node_modules/abitype": {
      "version": "1.0.4",
      "resolved": "https://registry.npmjs.org/abitype/-/abitype-1.0.4.tgz",
      "integrity": "sha512-UivtYZOGJGE8rsrM/N5vdRkUpqEZVmuTumfTuolm7m/6O09wprd958rx8kUBwVAAAhQDveGAgD0GJdBuR8s6tw==",
      "funding": {
        "url": "https://github.com/sponsors/wevm"
      },
      "peerDependencies": {
        "typescript": ">=5.0.4",
        "zod": "^3 >=3.22.0"
      },
      "peerDependenciesMeta": {
        "typescript": {
          "optional": true
        },
        "zod": {
          "optional": true
        }
      }
    },
    "node_modules/@narval-xyz/armory-sdk/node_modules/viem": {
      "version": "2.16.2",
      "resolved": "https://registry.npmjs.org/viem/-/viem-2.16.2.tgz",
      "integrity": "sha512-qor3v1cJFR3jcPtcJxPbKfKURAH2agNf2IWZIaSReV6teNLERiu4Sr7kbqpkIeTAEpiDCVQwg336M+mub1m+pg==",
      "funding": [
        {
          "type": "github",
          "url": "https://github.com/sponsors/wevm"
        }
      ],
      "dependencies": {
        "@adraffy/ens-normalize": "1.10.0",
        "@noble/curves": "1.2.0",
        "@noble/hashes": "1.3.2",
        "@scure/bip32": "1.3.2",
        "@scure/bip39": "1.2.1",
        "abitype": "1.0.4",
        "isows": "1.0.4",
        "ws": "8.17.1"
      },
      "peerDependencies": {
        "typescript": ">=5.0.4"
      },
      "peerDependenciesMeta": {
        "typescript": {
          "optional": true
        }
      }
    },
    "node_modules/@narval-xyz/armory-sdk/node_modules/viem/node_modules/@noble/curves": {
      "version": "1.2.0",
      "resolved": "https://registry.npmjs.org/@noble/curves/-/curves-1.2.0.tgz",
      "integrity": "sha512-oYclrNgRaM9SsBUBVbb8M6DTV7ZHRTKugureoYEncY5c65HOmRzvSiTE3y5CYaPYJA/GVkrhXEoF0M3Ya9PMnw==",
      "dependencies": {
        "@noble/hashes": "1.3.2"
      },
      "funding": {
        "url": "https://paulmillr.com/funding/"
      }
    },
    "node_modules/@noble/curves": {
      "version": "1.5.0",
      "resolved": "https://registry.npmjs.org/@noble/curves/-/curves-1.5.0.tgz",
      "integrity": "sha512-J5EKamIHnKPyClwVrzmaf5wSdQXgdHcPZIZLu3bwnbeCx8/7NPK5q2ZBWF+5FvYGByjiQQsJYX6jfgB2wDPn3A==",
      "dependencies": {
        "@noble/hashes": "1.4.0"
      },
      "funding": {
        "url": "https://paulmillr.com/funding/"
      }
    },
    "node_modules/@noble/hashes": {
      "version": "1.4.0",
      "resolved": "https://registry.npmjs.org/@noble/hashes/-/hashes-1.4.0.tgz",
      "integrity": "sha512-V1JJ1WTRUqHHrOSh597hURcMqVKVGL/ea3kv0gSnEdsEZ0/+VyPghM1lMNGc00z7CIQorSvbKpuJkxvuHbvdbg==",
      "engines": {
        "node": ">= 16"
      },
      "funding": {
        "url": "https://paulmillr.com/funding/"
      }
    },
    "node_modules/@scure/base": {
      "version": "1.1.9",
      "resolved": "https://registry.npmjs.org/@scure/base/-/base-1.1.9.tgz",
      "integrity": "sha512-8YKhl8GHiNI/pU2VMaofa2Tor7PJRAjwQLBBuilkJ9L5+13yVbC7JO/wS7piioAvPSwR3JKM1IJ/u4xQzbcXKg==",
      "funding": {
        "url": "https://paulmillr.com/funding/"
      }
    },
    "node_modules/@scure/bip32": {
      "version": "1.4.0",
      "resolved": "https://registry.npmjs.org/@scure/bip32/-/bip32-1.4.0.tgz",
      "integrity": "sha512-sVUpc0Vq3tXCkDGYVWGIZTRfnvu8LoTDaev7vbwh0omSvVORONr960MQWdKqJDCReIEmTj3PAr73O3aoxz7OPg==",
      "dependencies": {
        "@noble/curves": "~1.4.0",
        "@noble/hashes": "~1.4.0",
        "@scure/base": "~1.1.6"
      },
      "funding": {
        "url": "https://paulmillr.com/funding/"
      }
    },
    "node_modules/@scure/bip32/node_modules/@noble/curves": {
      "version": "1.4.2",
      "resolved": "https://registry.npmjs.org/@noble/curves/-/curves-1.4.2.tgz",
      "integrity": "sha512-TavHr8qycMChk8UwMld0ZDRvatedkzWfH8IiaeGCfymOP5i0hSCozz9vHOL0nkwk7HRMlFnAiKpS2jrUmSybcw==",
      "dependencies": {
        "@noble/hashes": "1.4.0"
      },
      "funding": {
        "url": "https://paulmillr.com/funding/"
      }
    },
    "node_modules/@scure/bip39": {
      "version": "1.4.0",
      "resolved": "https://registry.npmjs.org/@scure/bip39/-/bip39-1.4.0.tgz",
      "integrity": "sha512-BEEm6p8IueV/ZTfQLp/0vhw4NPnT9oWf5+28nvmeUICjP99f4vr2d+qc7AVGDDtwRep6ifR43Yed9ERVmiITzw==",
      "dependencies": {
        "@noble/hashes": "~1.5.0",
        "@scure/base": "~1.1.8"
      },
      "funding": {
        "url": "https://paulmillr.com/funding/"
      }
    },
    "node_modules/@scure/bip39/node_modules/@noble/hashes": {
      "version": "1.5.0",
      "resolved": "https://registry.npmjs.org/@noble/hashes/-/hashes-1.5.0.tgz",
      "integrity": "sha512-1j6kQFb7QRru7eKN3ZDvRcP13rugwdxZqCjbiAVZfIJwgj2A65UmT4TgARXGlXgnRkORLTDTrO19ZErt7+QXgA==",
      "engines": {
        "node": "^14.21.3 || >=16"
      },
      "funding": {
        "url": "https://paulmillr.com/funding/"
      }
    },
    "node_modules/@types/minimist": {
      "version": "1.2.5",
      "resolved": "https://registry.npmjs.org/@types/minimist/-/minimist-1.2.5.tgz",
      "integrity": "sha512-hov8bUuiLiyFPGyFPE1lwWhmzYbirOXQNNo40+y3zow8aFVTeyn3VWL0VFFfdNddA8S4Vf0Tc062rzyNr7Paag==",
      "dev": true
    },
    "node_modules/abitype": {
      "version": "1.0.5",
      "resolved": "https://registry.npmjs.org/abitype/-/abitype-1.0.5.tgz",
      "integrity": "sha512-YzDhti7cjlfaBhHutMaboYB21Ha3rXR9QTkNJFzYC4kC8YclaiwPBBBJY8ejFdu2wnJeZCVZSMlQJ7fi8S6hsw==",
      "funding": {
        "url": "https://github.com/sponsors/wevm"
      },
      "peerDependencies": {
        "typescript": ">=5.0.4",
        "zod": "^3 >=3.22.0"
      },
      "peerDependenciesMeta": {
        "typescript": {
          "optional": true
        },
        "zod": {
          "optional": true
        }
      }
    },
    "node_modules/asynckit": {
      "version": "0.4.0",
      "resolved": "https://registry.npmjs.org/asynckit/-/asynckit-0.4.0.tgz",
      "integrity": "sha512-Oei9OH4tRh0YqU3GxhX79dM/mwVgvbZJaSNaRk+bshkj0S5cfHcgYakreBjrHwatXKbz+IoIdYLxrKim2MjW0Q=="
    },
    "node_modules/axios": {
      "version": "1.7.2",
      "resolved": "https://registry.npmjs.org/axios/-/axios-1.7.2.tgz",
      "integrity": "sha512-2A8QhOMrbomlDuiLeK9XibIBzuHeRcqqNOHp0Cyp5EoJ1IFDh+XZH3A6BkXtv0K4gFGCI0Y4BM7B1wOEi0Rmgw==",
      "dependencies": {
        "follow-redirects": "^1.15.6",
        "form-data": "^4.0.0",
        "proxy-from-env": "^1.1.0"
      }
    },
    "node_modules/combined-stream": {
      "version": "1.0.8",
      "resolved": "https://registry.npmjs.org/combined-stream/-/combined-stream-1.0.8.tgz",
      "integrity": "sha512-FQN4MRfuJeHf7cBbBMJFXhKSDq+2kAArBlmRBvcvFE5BB1HZKXtSFASDhdlz9zOYwxh8lDdnvmMOe/+5cdoEdg==",
      "dependencies": {
        "delayed-stream": "~1.0.0"
      },
      "engines": {
        "node": ">= 0.8"
      }
    },
    "node_modules/delayed-stream": {
      "version": "1.0.0",
      "resolved": "https://registry.npmjs.org/delayed-stream/-/delayed-stream-1.0.0.tgz",
      "integrity": "sha512-ZySD7Nf91aLB0RxL4KGrKHBXl7Eds1DAmEdcoVawXnLD7SDhpNgtuII2aAkg7a7QS41jxPSZ17p4VdGnMHk3MQ==",
      "engines": {
        "node": ">=0.4.0"
      }
    },
    "node_modules/dotenv": {
      "version": "16.4.5",
      "resolved": "https://registry.npmjs.org/dotenv/-/dotenv-16.4.5.tgz",
      "integrity": "sha512-ZmdL2rui+eB2YwhsWzjInR8LldtZHGDoQ1ugH85ppHKwpUHL7j7rN0Ti9NCnGiQbhaZ11FpR+7ao1dNsmduNUg==",
      "engines": {
        "node": ">=12"
      },
      "funding": {
        "url": "https://dotenvx.com"
      }
    },
    "node_modules/esbuild": {
      "version": "0.23.1",
      "resolved": "https://registry.npmjs.org/esbuild/-/esbuild-0.23.1.tgz",
      "integrity": "sha512-VVNz/9Sa0bs5SELtn3f7qhJCDPCF5oMEl5cO9/SSinpE9hbPVvxbd572HH5AKiP7WD8INO53GgfDDhRjkylHEg==",
      "hasInstallScript": true,
      "bin": {
        "esbuild": "bin/esbuild"
      },
      "engines": {
        "node": ">=18"
      },
      "optionalDependencies": {
        "@esbuild/aix-ppc64": "0.23.1",
        "@esbuild/android-arm": "0.23.1",
        "@esbuild/android-arm64": "0.23.1",
        "@esbuild/android-x64": "0.23.1",
        "@esbuild/darwin-arm64": "0.23.1",
        "@esbuild/darwin-x64": "0.23.1",
        "@esbuild/freebsd-arm64": "0.23.1",
        "@esbuild/freebsd-x64": "0.23.1",
        "@esbuild/linux-arm": "0.23.1",
        "@esbuild/linux-arm64": "0.23.1",
        "@esbuild/linux-ia32": "0.23.1",
        "@esbuild/linux-loong64": "0.23.1",
        "@esbuild/linux-mips64el": "0.23.1",
        "@esbuild/linux-ppc64": "0.23.1",
        "@esbuild/linux-riscv64": "0.23.1",
        "@esbuild/linux-s390x": "0.23.1",
        "@esbuild/linux-x64": "0.23.1",
        "@esbuild/netbsd-x64": "0.23.1",
        "@esbuild/openbsd-arm64": "0.23.1",
        "@esbuild/openbsd-x64": "0.23.1",
        "@esbuild/sunos-x64": "0.23.1",
        "@esbuild/win32-arm64": "0.23.1",
        "@esbuild/win32-ia32": "0.23.1",
        "@esbuild/win32-x64": "0.23.1"
      }
    },
    "node_modules/follow-redirects": {
      "version": "1.15.9",
      "resolved": "https://registry.npmjs.org/follow-redirects/-/follow-redirects-1.15.9.tgz",
      "integrity": "sha512-gew4GsXizNgdoRyqmyfMHyAmXsZDk6mHkSxZFCzW9gwlbtOW44CDtYavM+y+72qD/Vq2l550kMF52DT8fOLJqQ==",
      "funding": [
        {
          "type": "individual",
          "url": "https://github.com/sponsors/RubenVerborgh"
        }
      ],
      "engines": {
        "node": ">=4.0"
      },
      "peerDependenciesMeta": {
        "debug": {
          "optional": true
        }
      }
    },
    "node_modules/form-data": {
      "version": "4.0.0",
      "resolved": "https://registry.npmjs.org/form-data/-/form-data-4.0.0.tgz",
      "integrity": "sha512-ETEklSGi5t0QMZuiXoA/Q6vcnxcLQP5vdugSpuAyi6SVGi2clPPp+xgEhuMaHC+zGgn31Kd235W35f7Hykkaww==",
      "dependencies": {
        "asynckit": "^0.4.0",
        "combined-stream": "^1.0.8",
        "mime-types": "^2.1.12"
      },
      "engines": {
        "node": ">= 6"
      }
    },
    "node_modules/fsevents": {
      "version": "2.3.3",
      "resolved": "https://registry.npmjs.org/fsevents/-/fsevents-2.3.3.tgz",
      "integrity": "sha512-5xoDfX+fL7faATnagmWPpbFtwh/R77WmMMqqHGS65C3vvB0YHrgF+B1YmZ3441tMj5n63k0212XNoJwzlhffQw==",
      "hasInstallScript": true,
      "optional": true,
      "os": [
        "darwin"
      ],
      "engines": {
        "node": "^8.16.0 || ^10.6.0 || >=11.0.0"
      }
    },
    "node_modules/get-tsconfig": {
      "version": "4.8.1",
      "resolved": "https://registry.npmjs.org/get-tsconfig/-/get-tsconfig-4.8.1.tgz",
      "integrity": "sha512-k9PN+cFBmaLWtVz29SkUoqU5O0slLuHJXt/2P+tMVFT+phsSGXGkp9t3rQIqdz0e+06EHNGs3oM6ZX1s2zHxRg==",
      "dependencies": {
        "resolve-pkg-maps": "^1.0.0"
      },
      "funding": {
        "url": "https://github.com/privatenumber/get-tsconfig?sponsor=1"
      }
    },
    "node_modules/isows": {
      "version": "1.0.4",
      "resolved": "https://registry.npmjs.org/isows/-/isows-1.0.4.tgz",
      "integrity": "sha512-hEzjY+x9u9hPmBom9IIAqdJCwNLax+xrPb51vEPpERoFlIxgmZcHzsT5jKG06nvInKOBGvReAVz80Umed5CczQ==",
      "funding": [
        {
          "type": "github",
          "url": "https://github.com/sponsors/wagmi-dev"
        }
      ],
      "peerDependencies": {
        "ws": "*"
      }
    },
    "node_modules/jose": {
      "version": "5.5.0",
      "resolved": "https://registry.npmjs.org/jose/-/jose-5.5.0.tgz",
      "integrity": "sha512-DUPr/1kYXbuqYpkCj9r66+B4SGCKXCLQ5ZbKCgmn4sJveJqcwNqWtAR56u4KPmpXjrmBO2uNuLdEAEiqIhFNBg==",
      "funding": {
        "url": "https://github.com/sponsors/panva"
      }
    },
    "node_modules/lodash": {
      "version": "4.17.21",
      "resolved": "https://registry.npmjs.org/lodash/-/lodash-4.17.21.tgz",
      "integrity": "sha512-v2kDEe57lecTulaDIuNTPy3Ry4gLGJ6Z1O3vE1krgXZNrsQ+LFTGHVxVjcXPs17LhbZVGedAJv8XZ1tvj5FvSg=="
    },
    "node_modules/mime-db": {
      "version": "1.52.0",
      "resolved": "https://registry.npmjs.org/mime-db/-/mime-db-1.52.0.tgz",
      "integrity": "sha512-sPU4uV7dYlvtWJxwwxHD0PuihVNiE7TyAbQ5SWxDCB9mUYvOgroQOwYQQOKPJ8CIbE+1ETVlOoK1UC2nU3gYvg==",
      "engines": {
        "node": ">= 0.6"
      }
    },
    "node_modules/mime-types": {
      "version": "2.1.35",
      "resolved": "https://registry.npmjs.org/mime-types/-/mime-types-2.1.35.tgz",
      "integrity": "sha512-ZDY+bPm5zTTF+YpCrAU9nK0UgICYPT0QtT1NZWFv4s++TNkcgVaT0g6+4R2uI4MjQjzysHB1zxuWL50hzaeXiw==",
      "dependencies": {
        "mime-db": "1.52.0"
      },
      "engines": {
        "node": ">= 0.6"
      }
    },
    "node_modules/minimist": {
      "version": "1.2.8",
      "resolved": "https://registry.npmjs.org/minimist/-/minimist-1.2.8.tgz",
      "integrity": "sha512-2yyAR8qBkN3YuheJanUpWC5U3bb5osDywNB8RzDVlDwDHbocAJveqqj1u8+SVD7jkWT4yvsHCpWqqWqAxb0zCA==",
      "funding": {
        "url": "https://github.com/sponsors/ljharb"
      }
    },
    "node_modules/proxy-from-env": {
      "version": "1.1.0",
      "resolved": "https://registry.npmjs.org/proxy-from-env/-/proxy-from-env-1.1.0.tgz",
      "integrity": "sha512-D+zkORCbA9f1tdWRK0RaCR3GPv50cMxcrz4X8k5LTSUD1Dkw47mKJEZQNunItRTkWwgtaUSo1RVFRIG9ZXiFYg=="
    },
    "node_modules/resolve-pkg-maps": {
      "version": "1.0.0",
      "resolved": "https://registry.npmjs.org/resolve-pkg-maps/-/resolve-pkg-maps-1.0.0.tgz",
      "integrity": "sha512-seS2Tj26TBVOC2NIc2rOe2y2ZO7efxITtLZcGSOnHHNOQ7CkiUBfw0Iw2ck6xkIhPwLhKNLS8BO+hEpngQlqzw==",
      "funding": {
        "url": "https://github.com/privatenumber/resolve-pkg-maps?sponsor=1"
      }
    },
    "node_modules/tslib": {
      "version": "2.6.3",
      "resolved": "https://registry.npmjs.org/tslib/-/tslib-2.6.3.tgz",
      "integrity": "sha512-xNvxJEOUiWPGhUuUdQgAJPKOOJfGnIyKySOc09XkKsgdUV/3E2zvwZYdejjmRgPCgcym1juLH3226yA7sEFJKQ=="
    },
    "node_modules/tsx": {
      "version": "4.19.1",
      "resolved": "https://registry.npmjs.org/tsx/-/tsx-4.19.1.tgz",
      "integrity": "sha512-0flMz1lh74BR4wOvBjuh9olbnwqCPc35OOlfyzHba0Dc+QNUeWX/Gq2YTbnwcWPO3BMd8fkzRVrHcsR+a7z7rA==",
      "dependencies": {
        "esbuild": "~0.23.0",
        "get-tsconfig": "^4.7.5"
      },
      "bin": {
        "tsx": "dist/cli.mjs"
      },
      "engines": {
        "node": ">=18.0.0"
      },
      "optionalDependencies": {
        "fsevents": "~2.3.3"
      }
    },
    "node_modules/uuid": {
      "version": "9.0.1",
      "resolved": "https://registry.npmjs.org/uuid/-/uuid-9.0.1.tgz",
      "integrity": "sha512-b+1eJOlsR9K8HJpow9Ok3fiWOWSIcIzXodvv0rQjVoOVNpWMpxf1wZNpt4y9h10odCNrqnYp1OBzRktckBe3sA==",
      "funding": [
        "https://github.com/sponsors/broofa",
        "https://github.com/sponsors/ctavan"
      ],
      "bin": {
        "uuid": "dist/bin/uuid"
      }
    },
    "node_modules/viem": {
      "version": "2.21.16",
      "resolved": "https://registry.npmjs.org/viem/-/viem-2.21.16.tgz",
      "integrity": "sha512-SvhaPzTj3a+zR/5OmtJ0acjA6oGDrgPg4vtO8KboXtvbjksXEkz+oFaNjZDgxpkqbps2SLi8oPCjdpRm6WgDmw==",
      "funding": [
        {
          "type": "github",
          "url": "https://github.com/sponsors/wevm"
        }
      ],
      "dependencies": {
        "@adraffy/ens-normalize": "1.10.0",
        "@noble/curves": "1.4.0",
        "@noble/hashes": "1.4.0",
        "@scure/bip32": "1.4.0",
        "@scure/bip39": "1.4.0",
        "abitype": "1.0.5",
        "isows": "1.0.4",
        "webauthn-p256": "0.0.5",
        "ws": "8.17.1"
      },
      "peerDependencies": {
        "typescript": ">=5.0.4"
      },
      "peerDependenciesMeta": {
        "typescript": {
          "optional": true
        }
      }
    },
    "node_modules/viem/node_modules/@noble/curves": {
      "version": "1.4.0",
      "resolved": "https://registry.npmjs.org/@noble/curves/-/curves-1.4.0.tgz",
      "integrity": "sha512-p+4cb332SFCrReJkCYe8Xzm0OWi4Jji5jVdIZRL/PmacmDkFNw6MrrV+gGpiPxLHbV+zKFRywUWbaseT+tZRXg==",
      "dependencies": {
        "@noble/hashes": "1.4.0"
      },
      "funding": {
        "url": "https://paulmillr.com/funding/"
      }
    },
    "node_modules/webauthn-p256": {
      "version": "0.0.5",
      "resolved": "https://registry.npmjs.org/webauthn-p256/-/webauthn-p256-0.0.5.tgz",
      "integrity": "sha512-drMGNWKdaixZNobeORVIqq7k5DsRC9FnG201K2QjeOoQLmtSDaSsVZdkg6n5jUALJKcAG++zBPJXmv6hy0nWFg==",
      "funding": [
        {
          "type": "github",
          "url": "https://github.com/sponsors/wevm"
        }
      ],
      "dependencies": {
        "@noble/curves": "^1.4.0",
        "@noble/hashes": "^1.4.0"
      }
    },
    "node_modules/ws": {
      "version": "8.17.1",
      "resolved": "https://registry.npmjs.org/ws/-/ws-8.17.1.tgz",
      "integrity": "sha512-6XQFvXTkbfUOZOKKILFG1PDK2NDQs4azKQl26T0YS5CxqWLgXajbPZ+h4gZekJyRqFU8pvnbAbbs/3TgRPy+GQ==",
      "engines": {
        "node": ">=10.0.0"
      },
      "peerDependencies": {
        "bufferutil": "^4.0.1",
        "utf-8-validate": ">=5.0.2"
      },
      "peerDependenciesMeta": {
        "bufferutil": {
          "optional": true
        },
        "utf-8-validate": {
          "optional": true
        }
      }
    },
    "node_modules/zod": {
      "version": "3.23.8",
      "resolved": "https://registry.npmjs.org/zod/-/zod-3.23.8.tgz",
      "integrity": "sha512-XBx9AXhXktjUqnepgTiE5flcKIYWi/rme0Eaj+5Y0lftuGBq+jyRu/md4WnuxqgP1ubdpNCsYEYPxrzVHD8d6g==",
      "funding": {
        "url": "https://github.com/sponsors/colinhacks"
      }
    }
  }
}
